
Microsoft Visual Studio Solution File, Format Version 12.00
# Visual Studio 2012
Project("{FAE04EC0-301F-11D3-BF4B-00C04F79EFBC}") = "BlogService", "BlogService\BlogService.csproj", "{84B05E57-43BF-42A0-8EBD-9B81B38395F8}"
EndProject
Project("{FAE04EC0-301F-11D3-BF4B-00C04F79EFBC}") = "ConsoleApplication1", "ConsoleApplication1\ConsoleApplication1.csproj", "{C2894CD1-B67E-4819-846B-4A01754E3A7A}"
EndProject
Global
	GlobalSection(SolutionConfigurationPlatforms) = preSolution
		Debug|Any CPU = Debug|Any CPU
		Release|Any CPU = Release|Any CPU
	EndGlobalSection
	GlobalSection(ProjectConfigurationPlatforms) = postSolution
		{84B05E57-43BF-42A0-8EBD-9B81B38395F8}.Debug|Any CPU.ActiveCfg = Debug|Any CPU
		{84B05E57-43BF-42A0-8EBD-9B81B38395F8}.Debug|Any CPU.Build.0 = Debug|Any CPU
		{84B05E57-43BF-42A0-8EBD-9B81B38395F8}.Release|Any CPU.ActiveCfg = Release|Any CPU
		{84B05E57-43BF-42A0-8EBD-9B81B38395F8}.Release|Any CPU.Build.0 = Release|Any CPU
		{C2894CD1-B67E-4819-846B-4A01754E3A7A}.Debug|Any CPU.ActiveCfg = Debug|Any CPU
		{C2894CD1-B67E-4819-846B-4A01754E3A7A}.Debug|Any CPU.Build.0 = Debug|Any CPU
		{C2894CD1-B67E-4819-846B-4A01754E3A7A}.Release|Any CPU.ActiveCfg = Release|Any CPU
		{C2894CD1-B67E-4819-846B-4A01754E3A7A}.Release|Any CPU.Build.0 = Release|Any CPU
	EndGlobalSection
	GlobalSection(SolutionProperties) = preSolution
		HideSolutionNode = FALSE
	EndGlobalSection
EndGlobal
